
Microsoft Visual Studio Solution File, Format Version 12.00
# Visual Studio Version 17
VisualStudioVersion = 17.0.31903.59
MinimumVisualStudioVersion = 10.0.40219.1
Project("{FAE04EC0-301F-11D3-BF4B-00C04F79EFBC}") = "8.String-to-Integer", "8.String-to-Integer\8.String-to-Integer.csproj", "{D24BDEDC-81DD-40C6-9DEA-5731077CA9EC}"
EndProject
Project("{FAE04EC0-301F-11D3-BF4B-00C04F79EFBC}") = "9.Palindrome", "9.Palindrome\9.Palindrome.csproj", "{9649E4D7-EADE-4B39-B03E-DFA27AA98A0D}"
EndProject
Project("{FAE04EC0-301F-11D3-BF4B-00C04F79EFBC}") = "10.Regular-Expression-Matching", "10.Regular-Expression-Matching\10.Regular-Expression-Matching.csproj", "{D8F7E136-B240-4CA8-8501-042D9DF53D81}"
EndProject
Project("{FAE04EC0-301F-11D3-BF4B-00C04F79EFBC}") = "11.Container-With-Most-Water", "11.Container-With-Most-Water\11.Container-With-Most-Water.csproj", "{DD0ADA12-2316-446E-9E22-E1B100CED9AA}"
EndProject
Project("{FAE04EC0-301F-11D3-BF4B-00C04F79EFBC}") = "12.Integer-to-Roman", "12.Integer-to-Roman\12.Integer-to-Roman.csproj", "{B20F3EB9-569C-4548-8780-ABA5BB48B2BC}"
EndProject
Global
	GlobalSection(SolutionConfigurationPlatforms) = preSolution
		Debug|Any CPU = Debug|Any CPU
		Release|Any CPU = Release|Any CPU
	EndGlobalSection
	GlobalSection(ProjectConfigurationPlatforms) = postSolution
		{D24BDEDC-81DD-40C6-9DEA-5731077CA9EC}.Debug|Any CPU.ActiveCfg = Debug|Any CPU
		{D24BDEDC-81DD-40C6-9DEA-5731077CA9EC}.Debug|Any CPU.Build.0 = Debug|Any CPU
		{D24BDEDC-81DD-40C6-9DEA-5731077CA9EC}.Release|Any CPU.ActiveCfg = Release|Any CPU
		{D24BDEDC-81DD-40C6-9DEA-5731077CA9EC}.Release|Any CPU.Build.0 = Release|Any CPU
		{9649E4D7-EADE-4B39-B03E-DFA27AA98A0D}.Debug|Any CPU.ActiveCfg = Debug|Any CPU
		{9649E4D7-EADE-4B39-B03E-DFA27AA98A0D}.Debug|Any CPU.Build.0 = Debug|Any CPU
		{9649E4D7-EADE-4B39-B03E-DFA27AA98A0D}.Release|Any CPU.ActiveCfg = Release|Any CPU
		{9649E4D7-EADE-4B39-B03E-DFA27AA98A0D}.Release|Any CPU.Build.0 = Release|Any CPU
		{D8F7E136-B240-4CA8-8501-042D9DF53D81}.Debug|Any CPU.ActiveCfg = Debug|Any CPU
		{D8F7E136-B240-4CA8-8501-042D9DF53D81}.Debug|Any CPU.Build.0 = Debug|Any CPU
		{D8F7E136-B240-4CA8-8501-042D9DF53D81}.Release|Any CPU.ActiveCfg = Release|Any CPU
		{D8F7E136-B240-4CA8-8501-042D9DF53D81}.Release|Any CPU.Build.0 = Release|Any CPU
		{DD0ADA12-2316-446E-9E22-E1B100CED9AA}.Debug|Any CPU.ActiveCfg = Debug|Any CPU
		{DD0ADA12-2316-446E-9E22-E1B100CED9AA}.Debug|Any CPU.Build.0 = Debug|Any CPU
		{DD0ADA12-2316-446E-9E22-E1B100CED9AA}.Release|Any CPU.ActiveCfg = Release|Any CPU
		{DD0ADA12-2316-446E-9E22-E1B100CED9AA}.Release|Any CPU.Build.0 = Release|Any CPU
		{B20F3EB9-569C-4548-8780-ABA5BB48B2BC}.Debug|Any CPU.ActiveCfg = Debug|Any CPU
		{B20F3EB9-569C-4548-8780-ABA5BB48B2BC}.Debug|Any CPU.Build.0 = Debug|Any CPU
		{B20F3EB9-569C-4548-8780-ABA5BB48B2BC}.Release|Any CPU.ActiveCfg = Release|Any CPU
		{B20F3EB9-569C-4548-8780-ABA5BB48B2BC}.Release|Any CPU.Build.0 = Release|Any CPU
	EndGlobalSection
	GlobalSection(SolutionProperties) = preSolution
		HideSolutionNode = FALSE
	EndGlobalSection
EndGlobal
